
Microsoft Visual Studio Solution File, Format Version 12.00
# Visual Studio Version 17
VisualStudioVersion = 17.12.35707.178 d17.12
MinimumVisualStudioVersion = 10.0.40219.1
Project("{FAE04EC0-301F-11D3-BF4B-00C04F79EFBC}") = "ProjectWEB", "ProjectWEB\ProjectWEB.csproj", "{6722CD3F-434F-42AE-80B5-C73AD37E079F}"
EndProject
Project("{FAE04EC0-301F-11D3-BF4B-00C04F79EFBC}") = "ProjectDataAccess", "ProjectDataAccess\ProjectDataAccess.csproj", "{684F9FC3-B79B-477B-8CD9-ADA1CA6D6C6E}"
EndProject
Project("{FAE04EC0-301F-11D3-BF4B-00C04F79EFBC}") = "ProjectModels", "ProjectModels\ProjectModels.csproj", "{9CC8A039-C851-4145-B14F-06416F2F05EC}"
EndProject
Global
	GlobalSection(SolutionConfigurationPlatforms) = preSolution
		Debug|Any CPU = Debug|Any CPU
		Release|Any CPU = Release|Any CPU
	EndGlobalSection
	GlobalSection(ProjectConfigurationPlatforms) = postSolution
		{6722CD3F-434F-42AE-80B5-C73AD37E079F}.Debug|Any CPU.ActiveCfg = Debug|Any CPU
		{6722CD3F-434F-42AE-80B5-C73AD37E079F}.Debug|Any CPU.Build.0 = Debug|Any CPU
		{6722CD3F-434F-42AE-80B5-C73AD37E079F}.Release|Any CPU.ActiveCfg = Release|Any CPU
		{6722CD3F-434F-42AE-80B5-C73AD37E079F}.Release|Any CPU.Build.0 = Release|Any CPU
		{684F9FC3-B79B-477B-8CD9-ADA1CA6D6C6E}.Debug|Any CPU.ActiveCfg = Debug|Any CPU
		{684F9FC3-B79B-477B-8CD9-ADA1CA6D6C6E}.Debug|Any CPU.Build.0 = Debug|Any CPU
		{684F9FC3-B79B-477B-8CD9-ADA1CA6D6C6E}.Release|Any CPU.ActiveCfg = Release|Any CPU
		{684F9FC3-B79B-477B-8CD9-ADA1CA6D6C6E}.Release|Any CPU.Build.0 = Release|Any CPU
		{9CC8A039-C851-4145-B14F-06416F2F05EC}.Debug|Any CPU.ActiveCfg = Debug|Any CPU
		{9CC8A039-C851-4145-B14F-06416F2F05EC}.Debug|Any CPU.Build.0 = Debug|Any CPU
		{9CC8A039-C851-4145-B14F-06416F2F05EC}.Release|Any CPU.ActiveCfg = Release|Any CPU
		{9CC8A039-C851-4145-B14F-06416F2F05EC}.Release|Any CPU.Build.0 = Release|Any CPU
	EndGlobalSection
	GlobalSection(SolutionProperties) = preSolution
		HideSolutionNode = FALSE
	EndGlobalSection
EndGlobal
