
Microsoft Visual Studio Solution File, Format Version 12.00
# Visual Studio Version 17
VisualStudioVersion = 17.12.35707.178
MinimumVisualStudioVersion = 10.0.40219.1
Project("{FAE04EC0-301F-11D3-BF4B-00C04F79EFBC}") = "ProjectWeb", "ProjectWeb\ProjectWeb.csproj", "{980EC1A8-5194-4E77-ACEA-1F07A318D44B}"
EndProject
Project("{FAE04EC0-301F-11D3-BF4B-00C04F79EFBC}") = "ProjectDataAccess", "ProjectDataAccess\ProjectDataAccess.csproj", "{ADB6249D-2B8C-42AB-A661-CA62E4C48533}"
EndProject
Project("{FAE04EC0-301F-11D3-BF4B-00C04F79EFBC}") = "ProjectModels", "ProjectModels\ProjectModels.csproj", "{27ED3DF7-F79B-4630-951C-6B292B0E130C}"
EndProject
Project("{FAE04EC0-301F-11D3-BF4B-00C04F79EFBC}") = "ProjectConsole", "ProjectConsole\ProjectConsole.csproj", "{83ADE64F-7A96-45BD-BC9F-533C6857B719}"
EndProject
Global
	GlobalSection(SolutionConfigurationPlatforms) = preSolution
		Debug|Any CPU = Debug|Any CPU
		Release|Any CPU = Release|Any CPU
	EndGlobalSection
	GlobalSection(ProjectConfigurationPlatforms) = postSolution
		{980EC1A8-5194-4E77-ACEA-1F07A318D44B}.Debug|Any CPU.ActiveCfg = Debug|Any CPU
		{980EC1A8-5194-4E77-ACEA-1F07A318D44B}.Debug|Any CPU.Build.0 = Debug|Any CPU
		{980EC1A8-5194-4E77-ACEA-1F07A318D44B}.Release|Any CPU.ActiveCfg = Release|Any CPU
		{980EC1A8-5194-4E77-ACEA-1F07A318D44B}.Release|Any CPU.Build.0 = Release|Any CPU
		{ADB6249D-2B8C-42AB-A661-CA62E4C48533}.Debug|Any CPU.ActiveCfg = Debug|Any CPU
		{ADB6249D-2B8C-42AB-A661-CA62E4C48533}.Debug|Any CPU.Build.0 = Debug|Any CPU
		{ADB6249D-2B8C-42AB-A661-CA62E4C48533}.Release|Any CPU.ActiveCfg = Release|Any CPU
		{ADB6249D-2B8C-42AB-A661-CA62E4C48533}.Release|Any CPU.Build.0 = Release|Any CPU
		{27ED3DF7-F79B-4630-951C-6B292B0E130C}.Debug|Any CPU.ActiveCfg = Debug|Any CPU
		{27ED3DF7-F79B-4630-951C-6B292B0E130C}.Debug|Any CPU.Build.0 = Debug|Any CPU
		{27ED3DF7-F79B-4630-951C-6B292B0E130C}.Release|Any CPU.ActiveCfg = Release|Any CPU
		{27ED3DF7-F79B-4630-951C-6B292B0E130C}.Release|Any CPU.Build.0 = Release|Any CPU
		{83ADE64F-7A96-45BD-BC9F-533C6857B719}.Debug|Any CPU.ActiveCfg = Debug|Any CPU
		{83ADE64F-7A96-45BD-BC9F-533C6857B719}.Debug|Any CPU.Build.0 = Debug|Any CPU
		{83ADE64F-7A96-45BD-BC9F-533C6857B719}.Release|Any CPU.ActiveCfg = Release|Any CPU
		{83ADE64F-7A96-45BD-BC9F-533C6857B719}.Release|Any CPU.Build.0 = Release|Any CPU
	EndGlobalSection
	GlobalSection(SolutionProperties) = preSolution
		HideSolutionNode = FALSE
	EndGlobalSection
EndGlobal
